
Microsoft Visual Studio Solution File, Format Version 12.00
# Visual Studio Version 17
VisualStudioVersion = 17.0.31903.59
MinimumVisualStudioVersion = 10.0.40219.1
Project("{2150E333-8FDC-42A3-9474-1A3956D46DE8}") = "src", "src", "{37675CE2-096A-4FB8-B244-6D381690ED26}"
EndProject
Project("{2150E333-8FDC-42A3-9474-1A3956D46DE8}") = "1 - Presentation", "1 - Presentation", "{796CEDB4-3F07-41A7-9A9D-FF8C04CAA3FF}"
EndProject
Project("{FAE04EC0-301F-11D3-BF4B-00C04F79EFBC}") = "Sqs.Customers.WebApi", "Sqs.Customers.WebApi\Sqs.Customers.WebApi.csproj", "{4FB3B605-2155-4C27-8CDB-BD9D505D1AFD}"
EndProject
Project("{2150E333-8FDC-42A3-9474-1A3956D46DE8}") = "2 - Command Stack", "2 - Command Stack", "{BE983E39-2105-4B26-AC3A-656B8C289867}"
EndProject
Project("{2150E333-8FDC-42A3-9474-1A3956D46DE8}") = "2.1 - Application", "2.1 - Application", "{E2031F9E-D54A-46EE-BA18-795CB0AA5269}"
EndProject
Project("{2150E333-8FDC-42A3-9474-1A3956D46DE8}") = "2.2 - Domain", "2.2 - Domain", "{B77C439F-AFD5-4220-9313-99A29AA9C2AF}"
EndProject
Project("{2150E333-8FDC-42A3-9474-1A3956D46DE8}") = "2.3 - Data", "2.3 - Data", "{012FBE09-122E-4343-AFE0-28008C07BF0C}"
EndProject
Project("{2150E333-8FDC-42A3-9474-1A3956D46DE8}") = "3 - Infrastructure", "3 - Infrastructure", "{B18A4490-3689-4EB1-8665-722F9A7A1E61}"
EndProject
Project("{FAE04EC0-301F-11D3-BF4B-00C04F79EFBC}") = "Sqs.Customers.Application", "Sqs.Customers.Application\Sqs.Customers.Application.csproj", "{31338F84-4EDB-4816-885C-2A6B6254947A}"
EndProject
Project("{FAE04EC0-301F-11D3-BF4B-00C04F79EFBC}") = "Sqs.Customers.Domain", "Sqs.Customers.Domain\Sqs.Customers.Domain.csproj", "{3226F168-6F95-4290-A971-3C83910C602F}"
EndProject
Project("{FAE04EC0-301F-11D3-BF4B-00C04F79EFBC}") = "Sqs.Customers.Domain.CommandHandlers", "Sqs.Customers.Domain.CommandHandlers\Sqs.Customers.Domain.CommandHandlers.csproj", "{FEEFCFD6-8383-46BF-8599-56729C03ABEE}"
EndProject
Project("{2150E333-8FDC-42A3-9474-1A3956D46DE8}") = "3.1 - CrossCutting", "3.1 - CrossCutting", "{3BACB657-5827-4751-B9C8-F5E6E1D34090}"
EndProject
Project("{FAE04EC0-301F-11D3-BF4B-00C04F79EFBC}") = "Sqs.Infrastructure.EventBus", "Sqs.Infrastructure.EventBus\Sqs.Infrastructure.EventBus.csproj", "{B88F7EB0-BF14-4D16-B559-07EF5210775E}"
EndProject
Project("{FAE04EC0-301F-11D3-BF4B-00C04F79EFBC}") = "Sqs.Infrastructure.DTO", "Sqs.Infrastructure.DTO\Sqs.Infrastructure.DTO.csproj", "{C11F3536-6C90-445D-928B-4C935EDD4C5E}"
EndProject
Project("{FAE04EC0-301F-11D3-BF4B-00C04F79EFBC}") = "Sqs.Customers.Data.Persistence", "Sqs.Customers.Data.Persistence\Sqs.Customers.Data.Persistence.csproj", "{6E224C85-20C7-4996-BB1B-2BF85403832B}"
EndProject
Project("{FAE04EC0-301F-11D3-BF4B-00C04F79EFBC}") = "Sqs.Customers.Data.Migrations", "Sqs.Customers.Data.Migrations\Sqs.Customers.Data.Migrations.csproj", "{B85A44EA-E05F-49E4-920F-B1B531C8466B}"
EndProject
Project("{2150E333-8FDC-42A3-9474-1A3956D46DE8}") = "3.2 - Messagings", "3.2 - Messagings", "{CFF3A7F8-68E5-41DD-8D75-F7C428CE2022}"
EndProject
Project("{FAE04EC0-301F-11D3-BF4B-00C04F79EFBC}") = "Sqs.Infrastructure.MessagingQueue", "Sqs.Infrastructure.MessagingQueue\Sqs.Infrastructure.MessagingQueue.csproj", "{F2372DC9-2995-420F-84D5-800C2A44BEBC}"
EndProject
Global
	GlobalSection(SolutionConfigurationPlatforms) = preSolution
		Debug|Any CPU = Debug|Any CPU
		Release|Any CPU = Release|Any CPU
	EndGlobalSection
	GlobalSection(ProjectConfigurationPlatforms) = postSolution
		{4FB3B605-2155-4C27-8CDB-BD9D505D1AFD}.Debug|Any CPU.ActiveCfg = Debug|Any CPU
		{4FB3B605-2155-4C27-8CDB-BD9D505D1AFD}.Debug|Any CPU.Build.0 = Debug|Any CPU
		{4FB3B605-2155-4C27-8CDB-BD9D505D1AFD}.Release|Any CPU.ActiveCfg = Release|Any CPU
		{4FB3B605-2155-4C27-8CDB-BD9D505D1AFD}.Release|Any CPU.Build.0 = Release|Any CPU
		{31338F84-4EDB-4816-885C-2A6B6254947A}.Debug|Any CPU.ActiveCfg = Debug|Any CPU
		{31338F84-4EDB-4816-885C-2A6B6254947A}.Debug|Any CPU.Build.0 = Debug|Any CPU
		{31338F84-4EDB-4816-885C-2A6B6254947A}.Release|Any CPU.ActiveCfg = Release|Any CPU
		{31338F84-4EDB-4816-885C-2A6B6254947A}.Release|Any CPU.Build.0 = Release|Any CPU
		{3226F168-6F95-4290-A971-3C83910C602F}.Debug|Any CPU.ActiveCfg = Debug|Any CPU
		{3226F168-6F95-4290-A971-3C83910C602F}.Debug|Any CPU.Build.0 = Debug|Any CPU
		{3226F168-6F95-4290-A971-3C83910C602F}.Release|Any CPU.ActiveCfg = Release|Any CPU
		{3226F168-6F95-4290-A971-3C83910C602F}.Release|Any CPU.Build.0 = Release|Any CPU
		{FEEFCFD6-8383-46BF-8599-56729C03ABEE}.Debug|Any CPU.ActiveCfg = Debug|Any CPU
		{FEEFCFD6-8383-46BF-8599-56729C03ABEE}.Debug|Any CPU.Build.0 = Debug|Any CPU
		{FEEFCFD6-8383-46BF-8599-56729C03ABEE}.Release|Any CPU.ActiveCfg = Release|Any CPU
		{FEEFCFD6-8383-46BF-8599-56729C03ABEE}.Release|Any CPU.Build.0 = Release|Any CPU
		{B88F7EB0-BF14-4D16-B559-07EF5210775E}.Debug|Any CPU.ActiveCfg = Debug|Any CPU
		{B88F7EB0-BF14-4D16-B559-07EF5210775E}.Debug|Any CPU.Build.0 = Debug|Any CPU
		{B88F7EB0-BF14-4D16-B559-07EF5210775E}.Release|Any CPU.ActiveCfg = Release|Any CPU
		{B88F7EB0-BF14-4D16-B559-07EF5210775E}.Release|Any CPU.Build.0 = Release|Any CPU
		{C11F3536-6C90-445D-928B-4C935EDD4C5E}.Debug|Any CPU.ActiveCfg = Debug|Any CPU
		{C11F3536-6C90-445D-928B-4C935EDD4C5E}.Debug|Any CPU.Build.0 = Debug|Any CPU
		{C11F3536-6C90-445D-928B-4C935EDD4C5E}.Release|Any CPU.ActiveCfg = Release|Any CPU
		{C11F3536-6C90-445D-928B-4C935EDD4C5E}.Release|Any CPU.Build.0 = Release|Any CPU
		{6E224C85-20C7-4996-BB1B-2BF85403832B}.Debug|Any CPU.ActiveCfg = Debug|Any CPU
		{6E224C85-20C7-4996-BB1B-2BF85403832B}.Debug|Any CPU.Build.0 = Debug|Any CPU
		{6E224C85-20C7-4996-BB1B-2BF85403832B}.Release|Any CPU.ActiveCfg = Release|Any CPU
		{6E224C85-20C7-4996-BB1B-2BF85403832B}.Release|Any CPU.Build.0 = Release|Any CPU
		{B85A44EA-E05F-49E4-920F-B1B531C8466B}.Debug|Any CPU.ActiveCfg = Debug|Any CPU
		{B85A44EA-E05F-49E4-920F-B1B531C8466B}.Debug|Any CPU.Build.0 = Debug|Any CPU
		{B85A44EA-E05F-49E4-920F-B1B531C8466B}.Release|Any CPU.ActiveCfg = Release|Any CPU
		{B85A44EA-E05F-49E4-920F-B1B531C8466B}.Release|Any CPU.Build.0 = Release|Any CPU
		{F2372DC9-2995-420F-84D5-800C2A44BEBC}.Debug|Any CPU.ActiveCfg = Debug|Any CPU
		{F2372DC9-2995-420F-84D5-800C2A44BEBC}.Debug|Any CPU.Build.0 = Debug|Any CPU
		{F2372DC9-2995-420F-84D5-800C2A44BEBC}.Release|Any CPU.ActiveCfg = Release|Any CPU
		{F2372DC9-2995-420F-84D5-800C2A44BEBC}.Release|Any CPU.Build.0 = Release|Any CPU
	EndGlobalSection
	GlobalSection(SolutionProperties) = preSolution
		HideSolutionNode = FALSE
	EndGlobalSection
	GlobalSection(NestedProjects) = preSolution
		{796CEDB4-3F07-41A7-9A9D-FF8C04CAA3FF} = {37675CE2-096A-4FB8-B244-6D381690ED26}
		{4FB3B605-2155-4C27-8CDB-BD9D505D1AFD} = {796CEDB4-3F07-41A7-9A9D-FF8C04CAA3FF}
		{BE983E39-2105-4B26-AC3A-656B8C289867} = {37675CE2-096A-4FB8-B244-6D381690ED26}
		{E2031F9E-D54A-46EE-BA18-795CB0AA5269} = {BE983E39-2105-4B26-AC3A-656B8C289867}
		{B77C439F-AFD5-4220-9313-99A29AA9C2AF} = {BE983E39-2105-4B26-AC3A-656B8C289867}
		{012FBE09-122E-4343-AFE0-28008C07BF0C} = {BE983E39-2105-4B26-AC3A-656B8C289867}
		{B18A4490-3689-4EB1-8665-722F9A7A1E61} = {37675CE2-096A-4FB8-B244-6D381690ED26}
		{31338F84-4EDB-4816-885C-2A6B6254947A} = {E2031F9E-D54A-46EE-BA18-795CB0AA5269}
		{3226F168-6F95-4290-A971-3C83910C602F} = {B77C439F-AFD5-4220-9313-99A29AA9C2AF}
		{FEEFCFD6-8383-46BF-8599-56729C03ABEE} = {B77C439F-AFD5-4220-9313-99A29AA9C2AF}
		{3BACB657-5827-4751-B9C8-F5E6E1D34090} = {B18A4490-3689-4EB1-8665-722F9A7A1E61}
		{B88F7EB0-BF14-4D16-B559-07EF5210775E} = {3BACB657-5827-4751-B9C8-F5E6E1D34090}
		{C11F3536-6C90-445D-928B-4C935EDD4C5E} = {3BACB657-5827-4751-B9C8-F5E6E1D34090}
		{6E224C85-20C7-4996-BB1B-2BF85403832B} = {012FBE09-122E-4343-AFE0-28008C07BF0C}
		{B85A44EA-E05F-49E4-920F-B1B531C8466B} = {012FBE09-122E-4343-AFE0-28008C07BF0C}
		{CFF3A7F8-68E5-41DD-8D75-F7C428CE2022} = {B18A4490-3689-4EB1-8665-722F9A7A1E61}
		{F2372DC9-2995-420F-84D5-800C2A44BEBC} = {CFF3A7F8-68E5-41DD-8D75-F7C428CE2022}
	EndGlobalSection
	GlobalSection(ExtensibilityGlobals) = postSolution
		SolutionGuid = {7050AFD7-9023-470B-99F6-D60EC407D222}
	EndGlobalSection
EndGlobal
